{
	"requires": true,
	"lockfileVersion": 1,
	"dependencies": {
		"@corpuscule/types": {
			"version": "https://github.com/corpusculejs/corpuscule/releases/download/%40corpuscule%2Ftypes%400.1.0/corpuscule-types-0.1.0.tgz",
			"integrity": "sha512-FHlURiwua6Rgen9HebDFUVGZbOp3PJlg9LrA0hgNAROHBAsobONMCUGYzLSWu/z9NsRDUfXFgbntb+7JQaMXWQ=="
		}
	}
}
