{
	"requires": true,
	"lockfileVersion": 1,
	"dependencies": {
		"path-to-regexp": {
			"version": "https://github.com/nobabel/path-to-regexp/releases/download/2.2.0-nobabel.1/path-to-regexp-2.2.0-nobabel.1.tgz",
			"integrity": "sha512-b/4qV30ikxNgTeZVZrygUvhW07evFUHKTTA8VtNr7hv1Ffg/n9SYy00wWRmubBFWUNRQA8nWZRTWzqORvVv4CQ=="
		},
		"universal-router": {
			"version": "https://github.com/nobabel/universal-router/releases/download/6.0.0-nobabel.1/universal-router-6.0.0-nobabel.1.tgz",
			"integrity": "sha512-+WbnhIJOF10AkWLGyHW9tR1a7TwV5HPDu+Klnz6aIpN1/Yehw4KK8LS664uTpd4NPNICx2YDZBfkMBKFiDxnsg==",
			"requires": {
				"path-to-regexp": "https://github.com/nobabel/path-to-regexp/releases/download/2.2.0-nobabel.1/path-to-regexp-2.2.0-nobabel.1.tgz"
			}
		}
	}
}
