{
	"requires": true,
	"lockfileVersion": 1,
	"dependencies": {
		"@corpuscule/context": {
			"version": "https://github.com/corpusculejs/corpuscule/releases/download/%40corpuscule%2Fcontext%400.2.0/corpuscule-context-0.2.0.tgz",
			"integrity": "sha512-WPN8hKlkaVuITdfGiU/n36CrMhNCBxxROgy8e0feri9rVmFKZibz60/7cwfu0ifr7BYkd2YxqXTaucSQ9YOORw=="
		},
		"path-to-regexp": {
			"version": "2.2.1",
			"resolved": "https://registry.npmjs.org/path-to-regexp/-/path-to-regexp-2.2.1.tgz",
			"integrity": "sha512-gu9bD6Ta5bwGrrU8muHzVOBFFREpp2iRkVfhBJahwJ6p6Xw20SjT0MxLnwkjOibQmGSYhiUnf2FLe7k+jcFmGQ=="
		},
		"universal-router": {
			"version": "6.0.0",
			"resolved": "https://registry.npmjs.org/universal-router/-/universal-router-6.0.0.tgz",
			"integrity": "sha512-mgZB2+acSERz3e72y0pUTBI8N3Am5lauNPRaoXKlv6V8JfP1amsD+Cb6zAWrmgvWR9s329IXqlD2pxWa3UoGmg==",
			"requires": {
				"path-to-regexp": "^2.1.0"
			}
		}
	}
}
