{
	"requires": true,
	"lockfileVersion": 1,
	"dependencies": {
		"@corpuscule/context": {
			"version": "https://github.com/corpusculejs/corpuscule/releases/download/%40corpuscule%2Fcontext%400.3.0/corpuscule-context-0.3.0.tgz",
			"integrity": "sha512-8j67VrueYl1xMI3mq+p5i+DYIF8P2xKy87V+5sP2AT3m1OOJ1g3rgbTOmOxvmPPhiNtwUPRbMKgoBWaLbAVXRw==",
			"requires": {
				"@corpuscule/types": "https://github.com/corpusculejs/corpuscule/releases/download/%40corpuscule%2Ftypes%400.1.1/corpuscule-types-0.1.1.tgz"
			}
		},
		"@corpuscule/types": {
			"version": "https://github.com/corpusculejs/corpuscule/releases/download/%40corpuscule%2Ftypes%400.1.1/corpuscule-types-0.1.1.tgz",
			"integrity": "sha512-iFUj955ogkQgi83I/5iBDRLcZ5WPe1yANaB3w81taH9HWVcleh45yYZ3wNqTm0AQsP8I1PBxhfN2C/WZ7o9cIg=="
		},
		"@corpuscule/utils": {
			"version": "https://github.com/corpusculejs/corpuscule/releases/download/%40corpuscule%2Futils%400.2.0/corpuscule-utils-0.2.0.tgz",
			"integrity": "sha512-R7w1P0ONcES8bw0qdesHruPq48AJlkz9RpzZRGKYvBtJ+7pBO/h2AhS4zEgjjOJVXgr/RZO2qBeo4EdEc01/lQ=="
		}
	}
}
