{
	"requires": true,
	"lockfileVersion": 1,
	"dependencies": {
		"@corpuscule/context": {
			"version": "https://github.com/corpusculejs/corpuscule/releases/download/%40corpuscule%2Fcontext%400.2.0/corpuscule-context-0.2.0.tgz",
			"integrity": "sha512-WPN8hKlkaVuITdfGiU/n36CrMhNCBxxROgy8e0feri9rVmFKZibz60/7cwfu0ifr7BYkd2YxqXTaucSQ9YOORw=="
		},
		"@corpuscule/types": {
			"version": "https://github.com/corpusculejs/corpuscule/releases/download/%40corpuscule%2Ftypes%400.1.0/corpuscule-types-0.1.0.tgz",
			"integrity": "sha512-FHlURiwua6Rgen9HebDFUVGZbOp3PJlg9LrA0hgNAROHBAsobONMCUGYzLSWu/z9NsRDUfXFgbntb+7JQaMXWQ=="
		},
		"@corpuscule/utils": {
			"version": "https://github.com/corpusculejs/corpuscule/releases/download/%40corpuscule%2Futils%400.1.0/corpuscule-utils-0.1.0.tgz",
			"integrity": "sha512-EpnekEZAKJmVkgyzww+Tiq63OM2L8dQ1808vs5PkqwTSm3pz7hstVaqGTpkWj+03PRpp5yzgs+xZ93dRE1y0dw=="
		}
	}
}
