{
  "name": "@corpuscule/styles",
  "version": "0.2.0",
  "lockfileVersion": 1,
  "requires": true,
  "dependencies": {
    "@corpuscule/element": {
      "version": "https://github.com/corpusculejs/corpuscule/releases/download/%40corpuscule%2Felement%400.2.0/corpuscule-element-0.2.0.tgz",
      "integrity": "sha512-T144XXr0Ff350DZP7NY0B/oflnjAZeT8yFAMS0F6y/3ZINXPBFmE1QbxAgfltOsp2Dj0DQMw8+xaHsdrW/8Cnw==",
      "dev": true
    },
    "lit-html": {
      "version": "0.10.0",
      "resolved": "https://registry.npmjs.org/lit-html/-/lit-html-0.10.0.tgz",
      "integrity": "sha512-w+7hn1gu5O4GZiRIQBLwC+WRtqKhA54fLQeKHdcUB+iCJypUZvTiE1OsotwpxMwran4+XV4vMHYhhdDMW4/Mww==",
      "dev": true
    }
  }
}
