{
	"requires": true,
	"lockfileVersion": 1,
	"dependencies": {
		"lit-html": {
			"version": "0.9.0",
			"resolved": "https://registry.npmjs.org/lit-html/-/lit-html-0.9.0.tgz",
			"integrity": "sha512-j0W8WNcf/VRsC+vxeZwgh4KfztQ2gqLF5a80G85qdffnKQ0yTC2IQpU3FRmFjRdRTezvszb1rGMm7jScMc2Mog=="
		}
	}
}
